
Microsoft Visual Studio Solution File, Format Version 12.00
# Visual Studio Version 17
VisualStudioVersion = 17.13.35919.96
MinimumVisualStudioVersion = 10.0.40219.1
Project("{FAE04EC0-301F-11D3-BF4B-00C04F79EFBC}") = "SemanticKernel.Installation", "SemanticKernel.Installation\SemanticKernel.Installation.csproj", "{221ACE0E-2AA5-4067-BE2C-A19AF6B13123}"
EndProject
Project("{2150E333-8FDC-42A3-9474-1A3956D46DE8}") = "Src", "Src", "{02EA681E-C7D8-13C7-8484-4AC65E1B71E8}"
EndProject
Project("{2150E333-8FDC-42A3-9474-1A3956D46DE8}") = "1.Installation", "1.Installation", "{F2256C4F-BB70-419A-A364-652433ED2CF3}"
	ProjectSection(SolutionItems) = preProject
		1.Readme.txt = 1.Readme.txt
	EndProjectSection
EndProject
Project("{2150E333-8FDC-42A3-9474-1A3956D46DE8}") = "2.Kernel Core Engine", "2.Kernel Core Engine", "{410CF355-662F-4BC9-B26D-D30732924D44}"
	ProjectSection(SolutionItems) = preProject
		2.Readme.txt = 2.Readme.txt
	EndProjectSection
EndProject
Project("{FAE04EC0-301F-11D3-BF4B-00C04F79EFBC}") = "SemanticKernel.BuilderPatternDemo", "SemanticKernel.BuilderPatternDemo\SemanticKernel.BuilderPatternDemo.csproj", "{D78B84EB-18D2-461D-872D-F2FBF6E5AF47}"
EndProject
Project("{FAE04EC0-301F-11D3-BF4B-00C04F79EFBC}") = "SemanticKernel.SKKernel", "SemanticKernel.SKKernel\SemanticKernel.SKKernel.csproj", "{A4A0ECC9-7217-41F6-9BF3-D68C2FC9BDCE}"
EndProject
Project("{2150E333-8FDC-42A3-9474-1A3956D46DE8}") = "3.Blog Post Generation", "3.Blog Post Generation", "{BA1758B9-48FB-473D-A31E-4D4B532E8C4A}"
	ProjectSection(SolutionItems) = preProject
		3.Readme.txt = 3.Readme.txt
	EndProjectSection
EndProject
Project("{FAE04EC0-301F-11D3-BF4B-00C04F79EFBC}") = "SemanticKernel.BlogPostsGeneration", "SKBlogPostsGeneration\SemanticKernel.BlogPostsGeneration.csproj", "{ABDFDAEE-738A-42D5-8786-D8DDB65C57B3}"
EndProject
Project("{2150E333-8FDC-42A3-9474-1A3956D46DE8}") = "4.Chat", "4.Chat", "{3E8EB0B8-AE33-48F2-9CE6-DEA5A7E85ECE}"
EndProject
Global
	GlobalSection(SolutionConfigurationPlatforms) = preSolution
		Debug|Any CPU = Debug|Any CPU
		Release|Any CPU = Release|Any CPU
	EndGlobalSection
	GlobalSection(ProjectConfigurationPlatforms) = postSolution
		{221ACE0E-2AA5-4067-BE2C-A19AF6B13123}.Debug|Any CPU.ActiveCfg = Debug|Any CPU
		{221ACE0E-2AA5-4067-BE2C-A19AF6B13123}.Debug|Any CPU.Build.0 = Debug|Any CPU
		{221ACE0E-2AA5-4067-BE2C-A19AF6B13123}.Release|Any CPU.ActiveCfg = Release|Any CPU
		{221ACE0E-2AA5-4067-BE2C-A19AF6B13123}.Release|Any CPU.Build.0 = Release|Any CPU
		{D78B84EB-18D2-461D-872D-F2FBF6E5AF47}.Debug|Any CPU.ActiveCfg = Debug|Any CPU
		{D78B84EB-18D2-461D-872D-F2FBF6E5AF47}.Debug|Any CPU.Build.0 = Debug|Any CPU
		{D78B84EB-18D2-461D-872D-F2FBF6E5AF47}.Release|Any CPU.ActiveCfg = Release|Any CPU
		{D78B84EB-18D2-461D-872D-F2FBF6E5AF47}.Release|Any CPU.Build.0 = Release|Any CPU
		{A4A0ECC9-7217-41F6-9BF3-D68C2FC9BDCE}.Debug|Any CPU.ActiveCfg = Debug|Any CPU
		{A4A0ECC9-7217-41F6-9BF3-D68C2FC9BDCE}.Debug|Any CPU.Build.0 = Debug|Any CPU
		{A4A0ECC9-7217-41F6-9BF3-D68C2FC9BDCE}.Release|Any CPU.ActiveCfg = Release|Any CPU
		{A4A0ECC9-7217-41F6-9BF3-D68C2FC9BDCE}.Release|Any CPU.Build.0 = Release|Any CPU
		{ABDFDAEE-738A-42D5-8786-D8DDB65C57B3}.Debug|Any CPU.ActiveCfg = Debug|Any CPU
		{ABDFDAEE-738A-42D5-8786-D8DDB65C57B3}.Debug|Any CPU.Build.0 = Debug|Any CPU
		{ABDFDAEE-738A-42D5-8786-D8DDB65C57B3}.Release|Any CPU.ActiveCfg = Release|Any CPU
		{ABDFDAEE-738A-42D5-8786-D8DDB65C57B3}.Release|Any CPU.Build.0 = Release|Any CPU
	EndGlobalSection
	GlobalSection(SolutionProperties) = preSolution
		HideSolutionNode = FALSE
	EndGlobalSection
	GlobalSection(NestedProjects) = preSolution
		{221ACE0E-2AA5-4067-BE2C-A19AF6B13123} = {F2256C4F-BB70-419A-A364-652433ED2CF3}
		{F2256C4F-BB70-419A-A364-652433ED2CF3} = {02EA681E-C7D8-13C7-8484-4AC65E1B71E8}
		{410CF355-662F-4BC9-B26D-D30732924D44} = {02EA681E-C7D8-13C7-8484-4AC65E1B71E8}
		{D78B84EB-18D2-461D-872D-F2FBF6E5AF47} = {410CF355-662F-4BC9-B26D-D30732924D44}
		{A4A0ECC9-7217-41F6-9BF3-D68C2FC9BDCE} = {410CF355-662F-4BC9-B26D-D30732924D44}
		{BA1758B9-48FB-473D-A31E-4D4B532E8C4A} = {02EA681E-C7D8-13C7-8484-4AC65E1B71E8}
		{ABDFDAEE-738A-42D5-8786-D8DDB65C57B3} = {BA1758B9-48FB-473D-A31E-4D4B532E8C4A}
		{3E8EB0B8-AE33-48F2-9CE6-DEA5A7E85ECE} = {02EA681E-C7D8-13C7-8484-4AC65E1B71E8}
	EndGlobalSection
	GlobalSection(ExtensibilityGlobals) = postSolution
		SolutionGuid = {4BD48751-D9A4-4C33-9BED-E30936EE9F0E}
	EndGlobalSection
EndGlobal
